speakeasyVersion: 1.796.4
sources:
    latest:
        sourceNamespace: api-v2025.04.00
        sourceRevisionDigest: sha256:26cb6a07508f87ebc5fb7492a1004453d73be6c6c0cbc4f250515d5ac42a2be6
        sourceBlobDigest: sha256:0f801860cf8075c9f7c76b0b327c5e3fcf17e795cc67cfb77dea68d142872158
        tags:
            - latest
targets:
    latest:
        source: latest
        sourceNamespace: api-v2025.04.00
        sourceRevisionDigest: sha256:26cb6a07508f87ebc5fb7492a1004453d73be6c6c0cbc4f250515d5ac42a2be6
        sourceBlobDigest: sha256:0f801860cf8075c9f7c76b0b327c5e3fcf17e795cc67cfb77dea68d142872158
        codeSamplesNamespace: v2025.04.00-java-code-samples
        codeSamplesRevisionDigest: sha256:61ba473f97312fda3ffa83e0e8af5a3f2e467d574c373d3c34505c6f3250d978
workflow:
    workflowVersion: 1.0.0
    speakeasyVersion: latest
    sources:
        latest:
            inputs:
                - location: registry.speakeasyapi.dev/moov/moov/api-v2025.04.00
            registry:
                location: registry.speakeasyapi.dev/moov/moov/java-v2025.04.00
    targets:
        latest:
            target: java
            source: latest
            publish:
                java:
                    ossrhUsername: $ossrh_username
                    ossrhPassword: $ossrh_password
                    gpgSecretKey: $java_gpg_secret_key
                    gpgPassPhrase: $java_gpg_passphrase
            codeSamples:
                registry:
                    location: registry.speakeasyapi.dev/moov/moov/v2025.04.00-java-code-samples
                labelOverride:
                    fixedValue: Java (SDK)
                blocking: false
