speakeasyVersion: 1.762.0
sources:
    latest:
        sourceNamespace: api-v2025.10.00
        sourceRevisionDigest: sha256:794035d6bc2829fe0c18d6902d2c0c9d8e79d4ebee2173300df62408447c72c3
        sourceBlobDigest: sha256:f644d9c203fbafb7257a0698b83a1f0411c08d1eff976d551d951ec1d478f62a
        tags:
            - latest
targets:
    latest:
        source: latest
        sourceNamespace: api-v2025.10.00
        sourceRevisionDigest: sha256:794035d6bc2829fe0c18d6902d2c0c9d8e79d4ebee2173300df62408447c72c3
        sourceBlobDigest: sha256:f644d9c203fbafb7257a0698b83a1f0411c08d1eff976d551d951ec1d478f62a
        codeSamplesNamespace: v2025.10.00-java-code-samples
        codeSamplesRevisionDigest: sha256:571c883c97c64e616d4b95b7b631546c69d705cbea422e2490a8916e5a5cce44
workflow:
    workflowVersion: 1.0.0
    speakeasyVersion: latest
    sources:
        latest:
            inputs:
                - location: registry.speakeasyapi.dev/moov/moov/api-v2025.10.00
            registry:
                location: registry.speakeasyapi.dev/moov/moov/java-v2025.10.00
    targets:
        latest:
            target: java
            source: latest
            publish:
                java:
                    ossrhUsername: $ossrh_username
                    ossrhPassword: $ossrh_password
                    gpgSecretKey: $java_gpg_secret_key
                    gpgPassPhrase: $java_gpg_passphrase
            codeSamples:
                registry:
                    location: registry.speakeasyapi.dev/moov/moov/v2025.10.00-java-code-samples
                labelOverride:
                    fixedValue: Java (SDK)
                blocking: false
