speakeasyVersion: 1.633.1
sources:
    latest:
        sourceNamespace: api-latest
        sourceRevisionDigest: sha256:f64df2ae5f2c034c33baa1219de4f2863a5de2a02bd98cef7fa239267db72147
        sourceBlobDigest: sha256:47aa9924e86713380b9e4ed253444778f45f3f036ecb64a940976dde88feda77
        tags:
            - latest
            - speakeasy-sdk-regen-1759364910
targets:
    latest:
        source: latest
        sourceNamespace: api-latest
        sourceRevisionDigest: sha256:f64df2ae5f2c034c33baa1219de4f2863a5de2a02bd98cef7fa239267db72147
        sourceBlobDigest: sha256:47aa9924e86713380b9e4ed253444778f45f3f036ecb64a940976dde88feda77
        codeSamplesNamespace: latest-java-code-samples
        codeSamplesRevisionDigest: sha256:b98755aa24b2f92b593ccd1ad49bfc1b9c449ba242bbb18ff405ed1d08d4ef09
workflow:
    workflowVersion: 1.0.0
    speakeasyVersion: latest
    sources:
        latest:
            inputs:
                - location: registry.speakeasyapi.dev/moov/moov/api-latest
            registry:
                location: registry.speakeasyapi.dev/moov/moov/latest
    targets:
        latest:
            target: java
            source: latest
            publish:
                java:
                    ossrhUsername: $ossrh_username
                    ossrhPassword: $ossrh_password
                    gpgSecretKey: $java_gpg_secret_key
                    gpgPassPhrase: $java_gpg_passphrase
            codeSamples:
                registry:
                    location: registry.speakeasyapi.dev/moov/moov/latest-java-code-samples
                labelOverride:
                    fixedValue: Java (SDK)
                blocking: false
